
Microsoft Visual Studio Solution File, Format Version 12.00
# Visual Studio 2013
VisualStudioVersion = 12.0.40629.0
MinimumVisualStudioVersion = 10.0.40219.1
Project("{FAE04EC0-301F-11D3-BF4B-00C04F79EFBC}") = "Bulka", "Bulka\Bulka.csproj", "{3236B4E1-8076-4F26-8B18-ED1AFDFA030A}"
EndProject
Project("{FAE04EC0-301F-11D3-BF4B-00C04F79EFBC}") = "Bulka.Tests", "Bulka.Tests\Bulka.Tests.csproj", "{D2FDF9EC-3077-4BD4-B9B5-8E9E67F6AD34}"
EndProject
Project("{FAE04EC0-301F-11D3-BF4B-00C04F79EFBC}") = "Bulka.DataAccess", "Bulka.DataAccess\Bulka.DataAccess.csproj", "{6F342F93-1210-45CB-A3EA-349C5420CE66}"
EndProject
Project("{FAE04EC0-301F-11D3-BF4B-00C04F79EFBC}") = "Bulka.DataModel", "Bulka.DataModel\Bulka.DataModel.csproj", "{7D0DBF37-19B5-4350-BA2A-D6382550F556}"
EndProject
Global
	GlobalSection(SolutionConfigurationPlatforms) = preSolution
		Debug|Any CPU = Debug|Any CPU
		Release|Any CPU = Release|Any CPU
	EndGlobalSection
	GlobalSection(ProjectConfigurationPlatforms) = postSolution
		{3236B4E1-8076-4F26-8B18-ED1AFDFA030A}.Debug|Any CPU.ActiveCfg = Debug|Any CPU
		{3236B4E1-8076-4F26-8B18-ED1AFDFA030A}.Debug|Any CPU.Build.0 = Debug|Any CPU
		{3236B4E1-8076-4F26-8B18-ED1AFDFA030A}.Release|Any CPU.ActiveCfg = Release|Any CPU
		{3236B4E1-8076-4F26-8B18-ED1AFDFA030A}.Release|Any CPU.Build.0 = Release|Any CPU
		{D2FDF9EC-3077-4BD4-B9B5-8E9E67F6AD34}.Debug|Any CPU.ActiveCfg = Debug|Any CPU
		{D2FDF9EC-3077-4BD4-B9B5-8E9E67F6AD34}.Debug|Any CPU.Build.0 = Debug|Any CPU
		{D2FDF9EC-3077-4BD4-B9B5-8E9E67F6AD34}.Release|Any CPU.ActiveCfg = Release|Any CPU
		{D2FDF9EC-3077-4BD4-B9B5-8E9E67F6AD34}.Release|Any CPU.Build.0 = Release|Any CPU
		{6F342F93-1210-45CB-A3EA-349C5420CE66}.Debug|Any CPU.ActiveCfg = Debug|Any CPU
		{6F342F93-1210-45CB-A3EA-349C5420CE66}.Debug|Any CPU.Build.0 = Debug|Any CPU
		{6F342F93-1210-45CB-A3EA-349C5420CE66}.Release|Any CPU.ActiveCfg = Release|Any CPU
		{6F342F93-1210-45CB-A3EA-349C5420CE66}.Release|Any CPU.Build.0 = Release|Any CPU
		{7D0DBF37-19B5-4350-BA2A-D6382550F556}.Debug|Any CPU.ActiveCfg = Debug|Any CPU
		{7D0DBF37-19B5-4350-BA2A-D6382550F556}.Debug|Any CPU.Build.0 = Debug|Any CPU
		{7D0DBF37-19B5-4350-BA2A-D6382550F556}.Release|Any CPU.ActiveCfg = Release|Any CPU
		{7D0DBF37-19B5-4350-BA2A-D6382550F556}.Release|Any CPU.Build.0 = Release|Any CPU
	EndGlobalSection
	GlobalSection(SolutionProperties) = preSolution
		HideSolutionNode = FALSE
	EndGlobalSection
EndGlobal
